
Microsoft Visual Studio Solution File, Format Version 12.00
# Visual Studio 2012
Project("{FAE04EC0-301F-11D3-BF4B-00C04F79EFBC}") = "CutPic", "CutPic\CutPic.csproj", "{724B499F-B421-4C6F-BF3A-4AC39F2FCB69}"
EndProject
Global
	GlobalSection(SolutionConfigurationPlatforms) = preSolution
		Debug|Any CPU = Debug|Any CPU
		Release|Any CPU = Release|Any CPU
	EndGlobalSection
	GlobalSection(ProjectConfigurationPlatforms) = postSolution
		{724B499F-B421-4C6F-BF3A-4AC39F2FCB69}.Debug|Any CPU.ActiveCfg = Debug|Any CPU
		{724B499F-B421-4C6F-BF3A-4AC39F2FCB69}.Debug|Any CPU.Build.0 = Debug|Any CPU
		{724B499F-B421-4C6F-BF3A-4AC39F2FCB69}.Release|Any CPU.ActiveCfg = Release|Any CPU
		{724B499F-B421-4C6F-BF3A-4AC39F2FCB69}.Release|Any CPU.Build.0 = Release|Any CPU
	EndGlobalSection
	GlobalSection(SolutionProperties) = preSolution
		HideSolutionNode = FALSE
	EndGlobalSection
EndGlobal
